
Microsoft Visual Studio Solution File, Format Version 12.00
# Visual Studio Version 17
VisualStudioVersion = 17.14.36930.0 d17.14
MinimumVisualStudioVersion = 10.0.40219.1
Project("{FAE04EC0-301F-11D3-BF4B-00C04F79EFBC}") = "Streamer", "Streamer\Streamer.csproj", "{9E5FFC4E-2379-4BB6-BFAF-7B5152702D7B}"
EndProject
Global
	GlobalSection(SolutionConfigurationPlatforms) = preSolution
		Debug|Any CPU = Debug|Any CPU
		Release|Any CPU = Release|Any CPU
	EndGlobalSection
	GlobalSection(ProjectConfigurationPlatforms) = postSolution
		{9E5FFC4E-2379-4BB6-BFAF-7B5152702D7B}.Debug|Any CPU.ActiveCfg = Debug|Any CPU
		{9E5FFC4E-2379-4BB6-BFAF-7B5152702D7B}.Debug|Any CPU.Build.0 = Debug|Any CPU
		{9E5FFC4E-2379-4BB6-BFAF-7B5152702D7B}.Release|Any CPU.ActiveCfg = Release|Any CPU
		{9E5FFC4E-2379-4BB6-BFAF-7B5152702D7B}.Release|Any CPU.Build.0 = Release|Any CPU
	EndGlobalSection
	GlobalSection(SolutionProperties) = preSolution
		HideSolutionNode = FALSE
	EndGlobalSection
	GlobalSection(ExtensibilityGlobals) = postSolution
		SolutionGuid = {3A599C37-BC46-41F1-9BEA-380C75083D74}
	EndGlobalSection
EndGlobal
